
Microsoft Visual Studio Solution File, Format Version 12.00
# Visual Studio 2012
Project("{FAE04EC0-301F-11D3-BF4B-00C04F79EFBC}") = "Fooey", "Fooey\Fooey.csproj", "{C840B3EB-E4A0-4827-8D51-63924D4A6563}"
EndProject
Project("{FAE04EC0-301F-11D3-BF4B-00C04F79EFBC}") = "Fooey.Compiler", "Fooey.Compiler\Fooey.Compiler.csproj", "{328EE3B9-E717-4AE7-9AF0-0891293E88D1}"
EndProject
Project("{FAE04EC0-301F-11D3-BF4B-00C04F79EFBC}") = "Fooey.Compiler.Tests", "Fooey.Compiler.Tests\Fooey.Compiler.Tests.csproj", "{1C72440D-9819-4C8B-8422-82DB557781CB}"
EndProject
Global
	GlobalSection(SolutionConfigurationPlatforms) = preSolution
		Debug|Any CPU = Debug|Any CPU
		Release|Any CPU = Release|Any CPU
	EndGlobalSection
	GlobalSection(ProjectConfigurationPlatforms) = postSolution
		{C840B3EB-E4A0-4827-8D51-63924D4A6563}.Debug|Any CPU.ActiveCfg = Debug|Any CPU
		{C840B3EB-E4A0-4827-8D51-63924D4A6563}.Debug|Any CPU.Build.0 = Debug|Any CPU
		{C840B3EB-E4A0-4827-8D51-63924D4A6563}.Release|Any CPU.ActiveCfg = Release|Any CPU
		{C840B3EB-E4A0-4827-8D51-63924D4A6563}.Release|Any CPU.Build.0 = Release|Any CPU
		{328EE3B9-E717-4AE7-9AF0-0891293E88D1}.Debug|Any CPU.ActiveCfg = Debug|Any CPU
		{328EE3B9-E717-4AE7-9AF0-0891293E88D1}.Debug|Any CPU.Build.0 = Debug|Any CPU
		{328EE3B9-E717-4AE7-9AF0-0891293E88D1}.Release|Any CPU.ActiveCfg = Release|Any CPU
		{328EE3B9-E717-4AE7-9AF0-0891293E88D1}.Release|Any CPU.Build.0 = Release|Any CPU
		{1C72440D-9819-4C8B-8422-82DB557781CB}.Debug|Any CPU.ActiveCfg = Debug|Any CPU
		{1C72440D-9819-4C8B-8422-82DB557781CB}.Debug|Any CPU.Build.0 = Debug|Any CPU
		{1C72440D-9819-4C8B-8422-82DB557781CB}.Release|Any CPU.ActiveCfg = Release|Any CPU
		{1C72440D-9819-4C8B-8422-82DB557781CB}.Release|Any CPU.Build.0 = Release|Any CPU
	EndGlobalSection
	GlobalSection(SolutionProperties) = preSolution
		HideSolutionNode = FALSE
	EndGlobalSection
EndGlobal
